Microsoft Visual Studio Solution File, Format Version 11.00
# Visual Studio 2008

Project("{93657688-6FE7-153B-05D2-C7528EE2A275}") = "SpellGame", "Assembly-CSharp.csproj", "{3C6AACF8-94AA-09CA-1497-08D8DBF6207D}"
EndProject
Project("{93657688-6FE7-153B-05D2-C7528EE2A275}") = "SpellGame", "Assembly-CSharp-Editor.csproj", "{BA875AD1-5F1A-97D3-F1A3-28A2F3D70D19}"
EndProject
Global
	GlobalSection(SolutionConfigurationPlatforms) = preSolution
		Debug|Any CPU = Debug|Any CPU
		Release|Any CPU = Release|Any CPU
	EndGlobalSection
	GlobalSection(ProjectConfigurationPlatforms) = postSolution
		{3C6AACF8-94AA-09CA-1497-08D8DBF6207D}.Debug|Any CPU.ActiveCfg = Debug|Any CPU
		{3C6AACF8-94AA-09CA-1497-08D8DBF6207D}.Debug|Any CPU.Build.0 = Debug|Any CPU
		{3C6AACF8-94AA-09CA-1497-08D8DBF6207D}.Release|Any CPU.ActiveCfg = Release|Any CPU
		{3C6AACF8-94AA-09CA-1497-08D8DBF6207D}.Release|Any CPU.Build.0 = Release|Any CPU
		{BA875AD1-5F1A-97D3-F1A3-28A2F3D70D19}.Debug|Any CPU.ActiveCfg = Debug|Any CPU
		{BA875AD1-5F1A-97D3-F1A3-28A2F3D70D19}.Debug|Any CPU.Build.0 = Debug|Any CPU
		{BA875AD1-5F1A-97D3-F1A3-28A2F3D70D19}.Release|Any CPU.ActiveCfg = Release|Any CPU
		{BA875AD1-5F1A-97D3-F1A3-28A2F3D70D19}.Release|Any CPU.Build.0 = Release|Any CPU
	EndGlobalSection
	GlobalSection(SolutionProperties) = preSolution
		HideSolutionNode = FALSE
	EndGlobalSection
	
EndGlobal
